
Microsoft Visual Studio Solution File, Format Version 12.00
# Visual Studio Version 17
VisualStudioVersion = 17.8.34525.116
MinimumVisualStudioVersion = 10.0.40219.1
Project("{FAE04EC0-301F-11D3-BF4B-00C04F79EFBC}") = "TodoListApp", "TodoListApp\TodoListApp.csproj", "{10A37FCF-4A09-46FF-A5AA-6307F86D7264}"
EndProject
Global
	GlobalSection(SolutionConfigurationPlatforms) = preSolution
		Debug|Any CPU = Debug|Any CPU
		Release|Any CPU = Release|Any CPU
	EndGlobalSection
	GlobalSection(ProjectConfigurationPlatforms) = postSolution
		{10A37FCF-4A09-46FF-A5AA-6307F86D7264}.Debug|Any CPU.ActiveCfg = Debug|Any CPU
		{10A37FCF-4A09-46FF-A5AA-6307F86D7264}.Debug|Any CPU.Build.0 = Debug|Any CPU
		{10A37FCF-4A09-46FF-A5AA-6307F86D7264}.Release|Any CPU.ActiveCfg = Release|Any CPU
		{10A37FCF-4A09-46FF-A5AA-6307F86D7264}.Release|Any CPU.Build.0 = Release|Any CPU
	EndGlobalSection
	GlobalSection(SolutionProperties) = preSolution
		HideSolutionNode = FALSE
	EndGlobalSection
	GlobalSection(ExtensibilityGlobals) = postSolution
		SolutionGuid = {0A1BDB90-DCB5-4E13-91A3-9C10DF3BB4B7}
	EndGlobalSection
EndGlobal
